// !$*UTF8*$!
{
	archiveVersion = 1;
	classes = {
	};
	objectVersion = 50;
	objects = {

/* Begin PBXBuildFile section */
		18B79D3524C1A16C008B5C3C /* Landmarks_SwiftUIApp.swift in Sources */ = {isa = PBXBuildFile; fileRef = 18B79D3424C1A16C008B5C3C /* Landmarks_SwiftUIApp.swift */; };
		18B79D3724C1A16C008B5C3C /* ContentView.swift in Sources */ = {isa = PBXBuildFile; fileRef = 18B79D3624C1A16C008B5C3C /* ContentView.swift */; };
		18B79D3924C1A16E008B5C3C /* Assets.xcassets in Resources */ = {isa = PBXBuildFile; fileRef = 18B79D3824C1A16E008B5C3C /* Assets.xcassets */; };
		18B79D3C24C1A16E008B5C3C /* Preview Assets.xcassets in Resources */ = {isa = PBXBuildFile; fileRef = 18B79D3B24C1A16E008B5C3C /* Preview Assets.xcassets */; };
		18B79D4424C536D5008B5C3C /* CircleImage.swift in Sources */ = {isa = PBXBuildFile; fileRef = 18B79D4324C536D5008B5C3C /* CircleImage.swift */; };
		18B79D4624C53A9F008B5C3C /* MapView.swift in Sources */ = {isa = PBXBuildFile; fileRef = 18B79D4524C53A9F008B5C3C /* MapView.swift */; };
		18D98E2324C5490800A108EF /* landmarkData.json in Resources */ = {isa = PBXBuildFile; fileRef = 18D98E2224C5490800A108EF /* landmarkData.json */; };
		18D98E3024C5491C00A108EF /* stmarylake.jpg in Resources */ = {isa = PBXBuildFile; fileRef = 18D98E2424C5491C00A108EF /* stmarylake.jpg */; };
		18D98E3124C5491C00A108EF /* hiddenlake.jpg in Resources */ = {isa = PBXBuildFile; fileRef = 18D98E2524C5491C00A108EF /* hiddenlake.jpg */; };
		18D98E3224C5491C00A108EF /* twinlake.jpg in Resources */ = {isa = PBXBuildFile; fileRef = 18D98E2624C5491C00A108EF /* twinlake.jpg */; };
		18D98E3324C5491C00A108EF /* chilkoottrail.jpg in Resources */ = {isa = PBXBuildFile; fileRef = 18D98E2724C5491C00A108EF /* chilkoottrail.jpg */; };
		18D98E3424C5491C00A108EF /* lakemcdonald.jpg in Resources */ = {isa = PBXBuildFile; fileRef = 18D98E2824C5491C00A108EF /* lakemcdonald.jpg */; };
		18D98E3524C5491C00A108EF /* umbagog.jpg in Resources */ = {isa = PBXBuildFile; fileRef = 18D98E2924C5491C00A108EF /* umbagog.jpg */; };
		18D98E3624C5491C00A108EF /* icybay.jpg in Resources */ = {isa = PBXBuildFile; fileRef = 18D98E2A24C5491C00A108EF /* icybay.jpg */; };
		18D98E3724C5491C00A108EF /* chincoteague.jpg in Resources */ = {isa = PBXBuildFile; fileRef = 18D98E2B24C5491C00A108EF /* chincoteague.jpg */; };
		18D98E3824C5491C00A108EF /* turtlerock.jpg in Resources */ = {isa = PBXBuildFile; fileRef = 18D98E2C24C5491C00A108EF /* turtlerock.jpg */; };
		18D98E3924C5491C00A108EF /* silversalmoncreek.jpg in Resources */ = {isa = PBXBuildFile; fileRef = 18D98E2D24C5491C00A108EF /* silversalmoncreek.jpg */; };
		18D98E3A24C5491C00A108EF /* yukon_charleyrivers.jpg in Resources */ = {isa = PBXBuildFile; fileRef = 18D98E2E24C5491C00A108EF /* yukon_charleyrivers.jpg */; };
		18D98E3B24C5491C00A108EF /* rainbowlake.jpg in Resources */ = {isa = PBXBuildFile; fileRef = 18D98E2F24C5491C00A108EF /* rainbowlake.jpg */; };
		18D98E3E24C5497800A108EF /* Landmak.swift in Sources */ = {isa = PBXBuildFile; fileRef = 18D98E3D24C5497800A108EF /* Landmak.swift */; };
		18F5840924C67A830025454F /* Data.swift in Sources */ = {isa = PBXBuildFile; fileRef = 18F5840824C67A830025454F /* Data.swift */; };
		18F5840B24C67B470025454F /* LandmarkRow.swift in Sources */ = {isa = PBXBuildFile; fileRef = 18F5840A24C67B470025454F /* LandmarkRow.swift */; };
		18F5840D24C686430025454F /* LandmarkList.swift in Sources */ = {isa = PBXBuildFile; fileRef = 18F5840C24C686430025454F /* LandmarkList.swift */; };
		35F1964B25B8225E0053448A /* charleyrivers.jpg in Resources */ = {isa = PBXBuildFile; fileRef = 35F1964A25B8225E0053448A /* charleyrivers.jpg */; };
		35F1964F25B82C0F0053448A /* UserData.swift in Sources */ = {isa = PBXBuildFile; fileRef = 35F1964E25B82C0F0053448A /* UserData.swift */; };
		35F1966E25B835B00053448A /* CategoryHome.swift in Sources */ = {isa = PBXBuildFile; fileRef = 35F1966D25B835B00053448A /* CategoryHome.swift */; };
		35F1967325B94FF60053448A /* CategoryRow.swift in Sources */ = {isa = PBXBuildFile; fileRef = 35F1967225B94FF60053448A /* CategoryRow.swift */; };
		35F1967825B97EC00053448A /* ProfileHost.swift in Sources */ = {isa = PBXBuildFile; fileRef = 35F1967725B97EC00053448A /* ProfileHost.swift */; };
/* End PBXBuildFile section */

/* Begin PBXFileReference section */
		18B79D3124C1A16C008B5C3C /* Landmarks-SwiftUI.app */ = {isa = PBXFileReference; explicitFileType = wrapper.application; includeInIndex = 0; path = "Landmarks-SwiftUI.app"; sourceTree = BUILT_PRODUCTS_DIR; };
		18B79D3424C1A16C008B5C3C /* Landmarks_SwiftUIApp.swift */ = {isa = PBXFileReference; lastKnownFileType = sourcecode.swift; path = Landmarks_SwiftUIApp.swift; sourceTree = "<group>"; };
		18B79D3624C1A16C008B5C3C /* ContentView.swift */ = {isa = PBXFileReference; lastKnownFileType = sourcecode.swift; path = ContentView.swift; sourceTree = "<group>"; };
		18B79D3824C1A16E008B5C3C /* Assets.xcassets */ = {isa = PBXFileReference; lastKnownFileType = folder.assetcatalog; path = Assets.xcassets; sourceTree = "<group>"; };
		18B79D3B24C1A16E008B5C3C /* Preview Assets.xcassets */ = {isa = PBXFileReference; lastKnownFileType = folder.assetcatalog; path = "Preview Assets.xcassets"; sourceTree = "<group>"; };
		18B79D3D24C1A16E008B5C3C /* Info.plist */ = {isa = PBXFileReference; lastKnownFileType = text.plist.xml; path = Info.plist; sourceTree = "<group>"; };
		18B79D4324C536D5008B5C3C /* CircleImage.swift */ = {isa = PBXFileReference; lastKnownFileType = sourcecode.swift; path = CircleImage.swift; sourceTree = "<group>"; };
		18B79D4524C53A9F008B5C3C /* MapView.swift */ = {isa = PBXFileReference; lastKnownFileType = sourcecode.swift; path = MapView.swift; sourceTree = "<group>"; };
		18D98E2224C5490800A108EF /* landmarkData.json */ = {isa = PBXFileReference; fileEncoding = 4; lastKnownFileType = text.json; path = landmarkData.json; sourceTree = "<group>"; };
		18D98E2424C5491C00A108EF /* stmarylake.jpg */ = {isa = PBXFileReference; lastKnownFileType = image.jpeg; path = stmarylake.jpg; sourceTree = "<group>"; };
		18D98E2524C5491C00A108EF /* hiddenlake.jpg */ = {isa = PBXFileReference; lastKnownFileType = image.jpeg; path = hiddenlake.jpg; sourceTree = "<group>"; };
		18D98E2624C5491C00A108EF /* twinlake.jpg */ = {isa = PBXFileReference; lastKnownFileType = image.jpeg; path = twinlake.jpg; sourceTree = "<group>"; };
		18D98E2724C5491C00A108EF /* chilkoottrail.jpg */ = {isa = PBXFileReference; lastKnownFileType = image.jpeg; path = chilkoottrail.jpg; sourceTree = "<group>"; };
		18D98E2824C5491C00A108EF /* lakemcdonald.jpg */ = {isa = PBXFileReference; lastKnownFileType = image.jpeg; path = lakemcdonald.jpg; sourceTree = "<group>"; };
		18D98E2924C5491C00A108EF /* umbagog.jpg */ = {isa = PBXFileReference; lastKnownFileType = image.jpeg; path = umbagog.jpg; sourceTree = "<group>"; };
		18D98E2A24C5491C00A108EF /* icybay.jpg */ = {isa = PBXFileReference; lastKnownFileType = image.jpeg; path = icybay.jpg; sourceTree = "<group>"; };
		18D98E2B24C5491C00A108EF /* chincoteague.jpg */ = {isa = PBXFileReference; lastKnownFileType = image.jpeg; path = chincoteague.jpg; sourceTree = "<group>"; };
		18D98E2C24C5491C00A108EF /* turtlerock.jpg */ = {isa = PBXFileReference; lastKnownFileType = image.jpeg; path = turtlerock.jpg; sourceTree = "<group>"; };
		18D98E2D24C5491C00A108EF /* silversalmoncreek.jpg */ = {isa = PBXFileReference; lastKnownFileType = image.jpeg; path = silversalmoncreek.jpg; sourceTree = "<group>"; };
		18D98E2E24C5491C00A108EF /* yukon_charleyrivers.jpg */ = {isa = PBXFileReference; lastKnownFileType = image.jpeg; path = yukon_charleyrivers.jpg; sourceTree = "<group>"; };
		18D98E2F24C5491C00A108EF /* rainbowlake.jpg */ = {isa = PBXFileReference; lastKnownFileType = image.jpeg; path = rainbowlake.jpg; sourceTree = "<group>"; };
		18D98E3D24C5497800A108EF /* Landmak.swift */ = {isa = PBXFileReference; lastKnownFileType = sourcecode.swift; path = Landmak.swift; sourceTree = "<group>"; };
		18F5840824C67A830025454F /* Data.swift */ = {isa = PBXFileReference; fileEncoding = 4; lastKnownFileType = sourcecode.swift; path = Data.swift; sourceTree = "<group>"; };
		18F5840A24C67B470025454F /* LandmarkRow.swift */ = {isa = PBXFileReference; lastKnownFileType = sourcecode.swift; path = LandmarkRow.swift; sourceTree = "<group>"; };
		18F5840C24C686430025454F /* LandmarkList.swift */ = {isa = PBXFileReference; lastKnownFileType = sourcecode.swift; path = LandmarkList.swift; sourceTree = "<group>"; };
		35F1964825B7FFF20053448A /* Landmarks-SwiftUI.entitlements */ = {isa = PBXFileReference; lastKnownFileType = text.plist.entitlements; path = "Landmarks-SwiftUI.entitlements"; sourceTree = "<group>"; };
		35F1964A25B8225E0053448A /* charleyrivers.jpg */ = {isa = PBXFileReference; lastKnownFileType = image.jpeg; path = charleyrivers.jpg; sourceTree = "<group>"; };
		35F1964E25B82C0F0053448A /* UserData.swift */ = {isa = PBXFileReference; lastKnownFileType = sourcecode.swift; path = UserData.swift; sourceTree = "<group>"; };
		35F1966D25B835B00053448A /* CategoryHome.swift */ = {isa = PBXFileReference; lastKnownFileType = sourcecode.swift; path = CategoryHome.swift; sourceTree = "<group>"; };
		35F1967225B94FF60053448A /* CategoryRow.swift */ = {isa = PBXFileReference; lastKnownFileType = sourcecode.swift; path = CategoryRow.swift; sourceTree = "<group>"; };
		35F1967725B97EC00053448A /* ProfileHost.swift */ = {isa = PBXFileReference; lastKnownFileType = sourcecode.swift; path = ProfileHost.swift; sourceTree = "<group>"; };
/* End PBXFileReference section */

/* Begin PBXFrameworksBuildPhase section */
		18B79D2E24C1A16C008B5C3C /* Frameworks */ = {
			isa = PBXFrameworksBuildPhase;
			buildActionMask = 2147483647;
			files = (
			);
			runOnlyForDeploymentPostprocessing = 0;
		};
/* End PBXFrameworksBuildPhase section */

/* Begin PBXGroup section */
		18B79D2824C1A16C008B5C3C = {
			isa = PBXGroup;
			children = (
				18B79D3324C1A16C008B5C3C /* Landmarks-SwiftUI */,
				18B79D3224C1A16C008B5C3C /* Products */,
			);
			sourceTree = "<group>";
		};
		18B79D3224C1A16C008B5C3C /* Products */ = {
			isa = PBXGroup;
			children = (
				18B79D3124C1A16C008B5C3C /* Landmarks-SwiftUI.app */,
			);
			name = Products;
			sourceTree = "<group>";
		};
		18B79D3324C1A16C008B5C3C /* Landmarks-SwiftUI */ = {
			isa = PBXGroup;
			children = (
				35F1964825B7FFF20053448A /* Landmarks-SwiftUI.entitlements */,
				35F1967625B97C160053448A /* Profile */,
				18D98E3C24C5495800A108EF /* Models */,
				18D98E2124C548EA00A108EF /* Resources */,
				18B79D3424C1A16C008B5C3C /* Landmarks_SwiftUIApp.swift */,
				35F1966D25B835B00053448A /* CategoryHome.swift */,
				18B79D3624C1A16C008B5C3C /* ContentView.swift */,
				18B79D3D24C1A16E008B5C3C /* Info.plist */,
				18B79D4324C536D5008B5C3C /* CircleImage.swift */,
				18B79D4524C53A9F008B5C3C /* MapView.swift */,
				18F5840A24C67B470025454F /* LandmarkRow.swift */,
				18F5840C24C686430025454F /* LandmarkList.swift */,
				18B79D3824C1A16E008B5C3C /* Assets.xcassets */,
				18B79D3A24C1A16E008B5C3C /* Preview Content */,
				35F1967225B94FF60053448A /* CategoryRow.swift */,
			);
			path = "Landmarks-SwiftUI";
			sourceTree = "<group>";
		};
		18B79D3A24C1A16E008B5C3C /* Preview Content */ = {
			isa = PBXGroup;
			children = (
				18B79D3B24C1A16E008B5C3C /* Preview Assets.xcassets */,
			);
			path = "Preview Content";
			sourceTree = "<group>";
		};
		18D98E2124C548EA00A108EF /* Resources */ = {
			isa = PBXGroup;
			children = (
				35F1964A25B8225E0053448A /* charleyrivers.jpg */,
				18D98E2224C5490800A108EF /* landmarkData.json */,
				18D98E2724C5491C00A108EF /* chilkoottrail.jpg */,
				18D98E2B24C5491C00A108EF /* chincoteague.jpg */,
				18D98E2524C5491C00A108EF /* hiddenlake.jpg */,
				18D98E2A24C5491C00A108EF /* icybay.jpg */,
				18D98E2824C5491C00A108EF /* lakemcdonald.jpg */,
				18D98E2F24C5491C00A108EF /* rainbowlake.jpg */,
				18D98E2D24C5491C00A108EF /* silversalmoncreek.jpg */,
				18D98E2424C5491C00A108EF /* stmarylake.jpg */,
				18D98E2C24C5491C00A108EF /* turtlerock.jpg */,
				18D98E2624C5491C00A108EF /* twinlake.jpg */,
				18D98E2924C5491C00A108EF /* umbagog.jpg */,
				18D98E2E24C5491C00A108EF /* yukon_charleyrivers.jpg */,
			);
			path = Resources;
			sourceTree = "<group>";
		};
		18D98E3C24C5495800A108EF /* Models */ = {
			isa = PBXGroup;
			children = (
				18F5840824C67A830025454F /* Data.swift */,
				18D98E3D24C5497800A108EF /* Landmak.swift */,
				35F1964E25B82C0F0053448A /* UserData.swift */,
			);
			path = Models;
			sourceTree = "<group>";
		};
		35F1967625B97C160053448A /* Profile */ = {
			isa = PBXGroup;
			children = (
				35F1967725B97EC00053448A /* ProfileHost.swift */,
			);
			path = Profile;
			sourceTree = "<group>";
		};
/* End PBXGroup section */

/* Begin PBXNativeTarget section */
		18B79D3024C1A16C008B5C3C /* Landmarks-SwiftUI */ = {
			isa = PBXNativeTarget;
			buildConfigurationList = 18B79D4024C1A16E008B5C3C /* Build configuration list for PBXNativeTarget "Landmarks-SwiftUI" */;
			buildPhases = (
				18B79D2D24C1A16C008B5C3C /* Sources */,
				18B79D2E24C1A16C008B5C3C /* Frameworks */,
				18B79D2F24C1A16C008B5C3C /* Resources */,
			);
			buildRules = (
			);
			dependencies = (
			);
			name = "Landmarks-SwiftUI";
			productName = "Landmarks-SwiftUI";
			productReference = 18B79D3124C1A16C008B5C3C /* Landmarks-SwiftUI.app */;
			productType = "com.apple.product-type.application";
		};
/* End PBXNativeTarget section */

/* Begin PBXProject section */
		18B79D2924C1A16C008B5C3C /* Project object */ = {
			isa = PBXProject;
			attributes = {
				LastSwiftUpdateCheck = 1200;
				LastUpgradeCheck = 1200;
				TargetAttributes = {
					18B79D3024C1A16C008B5C3C = {
						CreatedOnToolsVersion = 12.0;
					};
				};
			};
			buildConfigurationList = 18B79D2C24C1A16C008B5C3C /* Build configuration list for PBXProject "Landmarks-SwiftUI" */;
			compatibilityVersion = "Xcode 9.3";
			developmentRegion = en;
			hasScannedForEncodings = 0;
			knownRegions = (
				en,
				Base,
			);
			mainGroup = 18B79D2824C1A16C008B5C3C;
			productRefGroup = 18B79D3224C1A16C008B5C3C /* Products */;
			projectDirPath = "";
			projectRoot = "";
			targets = (
				18B79D3024C1A16C008B5C3C /* Landmarks-SwiftUI */,
			);
		};
/* End PBXProject section */

/* Begin PBXResourcesBuildPhase section */
		18B79D2F24C1A16C008B5C3C /* Resources */ = {
			isa = PBXResourcesBuildPhase;
			buildActionMask = 2147483647;
			files = (
				18D98E3A24C5491C00A108EF /* yukon_charleyrivers.jpg in Resources */,
				18D98E3B24C5491C00A108EF /* rainbowlake.jpg in Resources */,
				18D98E3924C5491C00A108EF /* silversalmoncreek.jpg in Resources */,
				35F1964B25B8225E0053448A /* charleyrivers.jpg in Resources */,
				18D98E3224C5491C00A108EF /* twinlake.jpg in Resources */,
				18B79D3C24C1A16E008B5C3C /* Preview Assets.xcassets in Resources */,
				18D98E3324C5491C00A108EF /* chilkoottrail.jpg in Resources */,
				18B79D3924C1A16E008B5C3C /* Assets.xcassets in Resources */,
				18D98E3024C5491C00A108EF /* stmarylake.jpg in Resources */,
				18D98E3124C5491C00A108EF /* hiddenlake.jpg in Resources */,
				18D98E3524C5491C00A108EF /* umbagog.jpg in Resources */,
				18D98E3724C5491C00A108EF /* chincoteague.jpg in Resources */,
				18D98E3824C5491C00A108EF /* turtlerock.jpg in Resources */,
				18D98E3424C5491C00A108EF /* lakemcdonald.jpg in Resources */,
				18D98E3624C5491C00A108EF /* icybay.jpg in Resources */,
				18D98E2324C5490800A108EF /* landmarkData.json in Resources */,
			);
			runOnlyForDeploymentPostprocessing = 0;
		};
/* End PBXResourcesBuildPhase section */

/* Begin PBXSourcesBuildPhase section */
		18B79D2D24C1A16C008B5C3C /* Sources */ = {
			isa = PBXSourcesBuildPhase;
			buildActionMask = 2147483647;
			files = (
				35F1967325B94FF60053448A /* CategoryRow.swift in Sources */,
				18D98E3E24C5497800A108EF /* Landmak.swift in Sources */,
				18F5840924C67A830025454F /* Data.swift in Sources */,
				35F1967825B97EC00053448A /* ProfileHost.swift in Sources */,
				18B79D3724C1A16C008B5C3C /* ContentView.swift in Sources */,
				35F1964F25B82C0F0053448A /* UserData.swift in Sources */,
				35F1966E25B835B00053448A /* CategoryHome.swift in Sources */,
				18F5840D24C686430025454F /* LandmarkList.swift in Sources */,
				18B79D4624C53A9F008B5C3C /* MapView.swift in Sources */,
				18B79D3524C1A16C008B5C3C /* Landmarks_SwiftUIApp.swift in Sources */,
				18F5840B24C67B470025454F /* LandmarkRow.swift in Sources */,
				18B79D4424C536D5008B5C3C /* CircleImage.swift in Sources */,
			);
			runOnlyForDeploymentPostprocessing = 0;
		};
/* End PBXSourcesBuildPhase section */

/* Begin XCBuildConfiguration section */
		18B79D3E24C1A16E008B5C3C /* Debug */ = {
			isa = XCBuildConfiguration;
			buildSettings = {
				ALWAYS_SEARCH_USER_PATHS = NO;
				CLANG_ANALYZER_NONNULL = YES;
				CLANG_ANALYZER_NUMBER_OBJECT_CONVERSION = YES_AGGRESSIVE;
				CLANG_CXX_LANGUAGE_STANDARD = "gnu++14";
				CLANG_CXX_LIBRARY = "libc++";
				CLANG_ENABLE_MODULES = YES;
				CLANG_ENABLE_OBJC_ARC = YES;
				CLANG_ENABLE_OBJC_WEAK = YES;
				CLANG_WARN_BLOCK_CAPTURE_AUTORELEASING = YES;
				CLANG_WARN_BOOL_CONVERSION = YES;
				CLANG_WARN_COMMA = YES;
				CLANG_WARN_CONSTANT_CONVERSION = YES;
				CLANG_WARN_DEPRECATED_OBJC_IMPLEMENTATIONS = YES;
				CLANG_WARN_DIRECT_OBJC_ISA_USAGE = YES_ERROR;
				CLANG_WARN_DOCUMENTATION_COMMENTS = YES;
				CLANG_WARN_EMPTY_BODY = YES;
				CLANG_WARN_ENUM_CONVERSION = YES;
				CLANG_WARN_INFINITE_RECURSION = YES;
				CLANG_WARN_INT_CONVERSION = YES;
				CLANG_WARN_NON_LITERAL_NULL_CONVERSION = YES;
				CLANG_WARN_OBJC_IMPLICIT_RETAIN_SELF = YES;
				CLANG_WARN_OBJC_LITERAL_CONVERSION = YES;
				CLANG_WARN_OBJC_ROOT_CLASS = YES_ERROR;
				CLANG_WARN_QUOTED_INCLUDE_IN_FRAMEWORK_HEADER = YES;
				CLANG_WARN_RANGE_LOOP_ANALYSIS = YES;
				CLANG_WARN_STRICT_PROTOTYPES = YES;
				CLANG_WARN_SUSPICIOUS_MOVE = YES;
				CLANG_WARN_UNGUARDED_AVAILABILITY = YES_AGGRESSIVE;
				CLANG_WARN_UNREACHABLE_CODE = YES;
				CLANG_WARN__DUPLICATE_METHOD_MATCH = YES;
				COPY_PHASE_STRIP = NO;
				DEBUG_INFORMATION_FORMAT = dwarf;
				ENABLE_STRICT_OBJC_MSGSEND = YES;
				ENABLE_TESTABILITY = YES;
				GCC_C_LANGUAGE_STANDARD = gnu11;
				GCC_DYNAMIC_NO_PIC = NO;
				GCC_NO_COMMON_BLOCKS = YES;
				GCC_OPTIMIZATION_LEVEL = 0;
				GCC_PREPROCESSOR_DEFINITIONS = (
					"DEBUG=1",
					"$(inherited)",
				);
				GCC_WARN_64_TO_32_BIT_CONVERSION = YES;
				GCC_WARN_ABOUT_RETURN_TYPE = YES_ERROR;
				GCC_WARN_UNDECLARED_SELECTOR = YES;
				GCC_WARN_UNINITIALIZED_AUTOS = YES_AGGRESSIVE;
				GCC_WARN_UNUSED_FUNCTION = YES;
				GCC_WARN_UNUSED_VARIABLE = YES;
				IPHONEOS_DEPLOYMENT_TARGET = 14.0;
				MTL_ENABLE_DEBUG_INFO = INCLUDE_SOURCE;
				MTL_FAST_MATH = YES;
				ONLY_ACTIVE_ARCH = YES;
				SDKROOT = iphoneos;
				SWIFT_ACTIVE_COMPILATION_CONDITIONS = DEBUG;
				SWIFT_OPTIMIZATION_LEVEL = "-Onone";
			};
			name = Debug;
		};
		18B79D3F24C1A16E008B5C3C /* Release */ = {
			isa = XCBuildConfiguration;
			buildSettings = {
				ALWAYS_SEARCH_USER_PATHS = NO;
				CLANG_ANALYZER_NONNULL = YES;
				CLANG_ANALYZER_NUMBER_OBJECT_CONVERSION = YES_AGGRESSIVE;
				CLANG_CXX_LANGUAGE_STANDARD = "gnu++14";
				CLANG_CXX_LIBRARY = "libc++";
				CLANG_ENABLE_MODULES = YES;
				CLANG_ENABLE_OBJC_ARC = YES;
				CLANG_ENABLE_OBJC_WEAK = YES;
				CLANG_WARN_BLOCK_CAPTURE_AUTORELEASING = YES;
				CLANG_WARN_BOOL_CONVERSION = YES;
				CLANG_WARN_COMMA = YES;
				CLANG_WARN_CONSTANT_CONVERSION = YES;
				CLANG_WARN_DEPRECATED_OBJC_IMPLEMENTATIONS = YES;
				CLANG_WARN_DIRECT_OBJC_ISA_USAGE = YES_ERROR;
				CLANG_WARN_DOCUMENTATION_COMMENTS = YES;
				CLANG_WARN_EMPTY_BODY = YES;
				CLANG_WARN_ENUM_CONVERSION = YES;
				CLANG_WARN_INFINITE_RECURSION = YES;
				CLANG_WARN_INT_CONVERSION = YES;
				CLANG_WARN_NON_LITERAL_NULL_CONVERSION = YES;
				CLANG_WARN_OBJC_IMPLICIT_RETAIN_SELF = YES;
				CLANG_WARN_OBJC_LITERAL_CONVERSION = YES;
				CLANG_WARN_OBJC_ROOT_CLASS = YES_ERROR;
				CLANG_WARN_QUOTED_INCLUDE_IN_FRAMEWORK_HEADER = YES;
				CLANG_WARN_RANGE_LOOP_ANALYSIS = YES;
				CLANG_WARN_STRICT_PROTOTYPES = YES;
				CLANG_WARN_SUSPICIOUS_MOVE = YES;
				CLANG_WARN_UNGUARDED_AVAILABILITY = YES_AGGRESSIVE;
				CLANG_WARN_UNREACHABLE_CODE = YES;
				CLANG_WARN__DUPLICATE_METHOD_MATCH = YES;
				COPY_PHASE_STRIP = NO;
				DEBUG_INFORMATION_FORMAT = "dwarf-with-dsym";
				ENABLE_NS_ASSERTIONS = NO;
				ENABLE_STRICT_OBJC_MSGSEND = YES;
				GCC_C_LANGUAGE_STANDARD = gnu11;
				GCC_NO_COMMON_BLOCKS = YES;
				GCC_WARN_64_TO_32_BIT_CONVERSION = YES;
				GCC_WARN_ABOUT_RETURN_TYPE = YES_ERROR;
				GCC_WARN_UNDECLARED_SELECTOR = YES;
				GCC_WARN_UNINITIALIZED_AUTOS = YES_AGGRESSIVE;
				GCC_WARN_UNUSED_FUNCTION = YES;
				GCC_WARN_UNUSED_VARIABLE = YES;
				IPHONEOS_DEPLOYMENT_TARGET = 14.0;
				MTL_ENABLE_DEBUG_INFO = NO;
				MTL_FAST_MATH = YES;
				SDKROOT = iphoneos;
				SWIFT_COMPILATION_MODE = wholemodule;
				SWIFT_OPTIMIZATION_LEVEL = "-O";
				VALIDATE_PRODUCT = YES;
			};
			name = Release;
		};
		18B79D4124C1A16E008B5C3C /* Debug */ = {
			isa = XCBuildConfiguration;
			buildSettings = {
				ASSETCATALOG_COMPILER_APPICON_NAME = AppIcon;
				ASSETCATALOG_COMPILER_GLOBAL_ACCENT_COLOR_NAME = AccentColor;
				CODE_SIGN_ENTITLEMENTS = "Landmarks-SwiftUI/Landmarks-SwiftUI.entitlements";
				CODE_SIGN_STYLE = Automatic;
				DEVELOPMENT_ASSET_PATHS = "\"Landmarks-SwiftUI/Preview Content\"";
				DEVELOPMENT_TEAM = N6VQQ58MBP;
				ENABLE_PREVIEWS = YES;
				INFOPLIST_FILE = "Landmarks-SwiftUI/Info.plist";
				IPHONEOS_DEPLOYMENT_TARGET = 14.0;
				LD_RUNPATH_SEARCH_PATHS = (
					"$(inherited)",
					"@executable_path/Frameworks",
				);
				PRODUCT_BUNDLE_IDENTIFIER = "com.yellow.Landmarks-SwiftUI";
				PRODUCT_NAME = "$(TARGET_NAME)";
				SUPPORTS_MACCATALYST = YES;
				SWIFT_VERSION = 5.0;
				TARGETED_DEVICE_FAMILY = "1,2";
			};
			name = Debug;
		};
		18B79D4224C1A16E008B5C3C /* Release */ = {
			isa = XCBuildConfiguration;
			buildSettings = {
				ASSETCATALOG_COMPILER_APPICON_NAME = AppIcon;
				ASSETCATALOG_COMPILER_GLOBAL_ACCENT_COLOR_NAME = AccentColor;
				CODE_SIGN_ENTITLEMENTS = "Landmarks-SwiftUI/Landmarks-SwiftUI.entitlements";
				CODE_SIGN_STYLE = Automatic;
				DEVELOPMENT_ASSET_PATHS = "\"Landmarks-SwiftUI/Preview Content\"";
				DEVELOPMENT_TEAM = N6VQQ58MBP;
				ENABLE_PREVIEWS = YES;
				INFOPLIST_FILE = "Landmarks-SwiftUI/Info.plist";
				IPHONEOS_DEPLOYMENT_TARGET = 14.0;
				LD_RUNPATH_SEARCH_PATHS = (
					"$(inherited)",
					"@executable_path/Frameworks",
				);
				PRODUCT_BUNDLE_IDENTIFIER = "com.yellow.Landmarks-SwiftUI";
				PRODUCT_NAME = "$(TARGET_NAME)";
				SUPPORTS_MACCATALYST = YES;
				SWIFT_VERSION = 5.0;
				TARGETED_DEVICE_FAMILY = "1,2";
			};
			name = Release;
		};
/* End XCBuildConfiguration section */

/* Begin XCConfigurationList section */
		18B79D2C24C1A16C008B5C3C /* Build configuration list for PBXProject "Landmarks-SwiftUI" */ = {
			isa = XCConfigurationList;
			buildConfigurations = (
				18B79D3E24C1A16E008B5C3C /* Debug */,
				18B79D3F24C1A16E008B5C3C /* Release */,
			);
			defaultConfigurationIsVisible = 0;
			defaultConfigurationName = Release;
		};
		18B79D4024C1A16E008B5C3C /* Build configuration list for PBXNativeTarget "Landmarks-SwiftUI" */ = {
			isa = XCConfigurationList;
			buildConfigurations = (
				18B79D4124C1A16E008B5C3C /* Debug */,
				18B79D4224C1A16E008B5C3C /* Release */,
			);
			defaultConfigurationIsVisible = 0;
			defaultConfigurationName = Release;
		};
/* End XCConfigurationList section */
	};
	rootObject = 18B79D2924C1A16C008B5C3C /* Project object */;
}
